
Microsoft Visual Studio Solution File, Format Version 12.00
# Visual Studio Version 16
VisualStudioVersion = 16.0.33801.447
MinimumVisualStudioVersion = 10.0.40219.1
Project("{FAE04EC0-301F-11D3-BF4B-00C04F79EFBC}") = "bold-reports-blazor-report-viewer", "bold-reports-blazor-report-viewer.csproj", "{3FD6E4F0-ACF7-4D73-BC8D-5AB1C521B193}"
EndProject
Global
	GlobalSection(SolutionConfigurationPlatforms) = preSolution
		Debug|Any CPU = Debug|Any CPU
		Release|Any CPU = Release|Any CPU
	EndGlobalSection
	GlobalSection(ProjectConfigurationPlatforms) = postSolution
		{3FD6E4F0-ACF7-4D73-BC8D-5AB1C521B193}.Debug|Any CPU.ActiveCfg = Debug|Any CPU
		{3FD6E4F0-ACF7-4D73-BC8D-5AB1C521B193}.Debug|Any CPU.Build.0 = Debug|Any CPU
		{3FD6E4F0-ACF7-4D73-BC8D-5AB1C521B193}.Release|Any CPU.ActiveCfg = Release|Any CPU
		{3FD6E4F0-ACF7-4D73-BC8D-5AB1C521B193}.Release|Any CPU.Build.0 = Release|Any CPU
	EndGlobalSection
	GlobalSection(SolutionProperties) = preSolution
		HideSolutionNode = FALSE
	EndGlobalSection
	GlobalSection(ExtensibilityGlobals) = postSolution
		SolutionGuid = {6FD180F9-2466-410C-9178-DDB065C25AE5}
	EndGlobalSection
EndGlobal
